// !$*UTF8*$!
{
	archiveVersion = 1;
	classes = {
	};
	objectVersion = 56;
	objects = {

/* Begin PBXBuildFile section */
		EF177C1E2A4E9E2A00C0B6CE /* EmailViewModel.swift in Sources */ = {isa = PBXBuildFile; fileRef = EF177C1D2A4E9E2900C0B6CE /* EmailViewModel.swift */; };
		EF177C242A4EA07E00C0B6CE /* SpamVC.swift in Sources */ = {isa = PBXBuildFile; fileRef = EF177C232A4EA07E00C0B6CE /* SpamVC.swift */; };
		EF177C262A4EA5CA00C0B6CE /* SpamCell.swift in Sources */ = {isa = PBXBuildFile; fileRef = EF177C252A4EA5CA00C0B6CE /* SpamCell.swift */; };
		EF259E2E2A4EB1AC00B8E37F /* DetailsVC.swift in Sources */ = {isa = PBXBuildFile; fileRef = EF259E2D2A4EB1AC00B8E37F /* DetailsVC.swift */; };
		EF259E302A4EBDBF00B8E37F /* Result.swift in Sources */ = {isa = PBXBuildFile; fileRef = EF259E2F2A4EBDBF00B8E37F /* Result.swift */; };
		EF8415C12A4E32ED000E97C4 /* AppDelegate.swift in Sources */ = {isa = PBXBuildFile; fileRef = EF8415C02A4E32ED000E97C4 /* AppDelegate.swift */; };
		EF8415C32A4E32ED000E97C4 /* SceneDelegate.swift in Sources */ = {isa = PBXBuildFile; fileRef = EF8415C22A4E32ED000E97C4 /* SceneDelegate.swift */; };
		EF8415C52A4E32ED000E97C4 /* HomeVC.swift in Sources */ = {isa = PBXBuildFile; fileRef = EF8415C42A4E32ED000E97C4 /* HomeVC.swift */; };
		EF8415C82A4E32ED000E97C4 /* Main.storyboard in Resources */ = {isa = PBXBuildFile; fileRef = EF8415C62A4E32ED000E97C4 /* Main.storyboard */; };
		EF8415CB2A4E32ED000E97C4 /* ExamenStefaniniOmar.xcdatamodeld in Sources */ = {isa = PBXBuildFile; fileRef = EF8415C92A4E32ED000E97C4 /* ExamenStefaniniOmar.xcdatamodeld */; };
		EF8415CD2A4E32EF000E97C4 /* Assets.xcassets in Resources */ = {isa = PBXBuildFile; fileRef = EF8415CC2A4E32EF000E97C4 /* Assets.xcassets */; };
		EF8415D02A4E32EF000E97C4 /* LaunchScreen.storyboard in Resources */ = {isa = PBXBuildFile; fileRef = EF8415CE2A4E32EF000E97C4 /* LaunchScreen.storyboard */; };
		EF8415DE2A4E353B000E97C4 /* Message.swift in Sources */ = {isa = PBXBuildFile; fileRef = EF8415DD2A4E353B000E97C4 /* Message.swift */; };
		EF8415E12A4E3F70000E97C4 /* MessageCell.swift in Sources */ = {isa = PBXBuildFile; fileRef = EF8415E02A4E3F70000E97C4 /* MessageCell.swift */; };
		EF8415E42A4E8131000E97C4 /* DeleteVC.swift in Sources */ = {isa = PBXBuildFile; fileRef = EF8415E32A4E8131000E97C4 /* DeleteVC.swift */; };
		EF8415E62A4E86A2000E97C4 /* DeleteCell.swift in Sources */ = {isa = PBXBuildFile; fileRef = EF8415E52A4E86A2000E97C4 /* DeleteCell.swift */; };
		EF8415E82A4E8B8D000E97C4 /* DeleteViewModel.swift in Sources */ = {isa = PBXBuildFile; fileRef = EF8415E72A4E8B8D000E97C4 /* DeleteViewModel.swift */; };
/* End PBXBuildFile section */

/* Begin PBXFileReference section */
		EF177C1D2A4E9E2900C0B6CE /* EmailViewModel.swift */ = {isa = PBXFileReference; lastKnownFileType = sourcecode.swift; path = EmailViewModel.swift; sourceTree = "<group>"; };
		EF177C232A4EA07E00C0B6CE /* SpamVC.swift */ = {isa = PBXFileReference; lastKnownFileType = sourcecode.swift; path = SpamVC.swift; sourceTree = "<group>"; };
		EF177C252A4EA5CA00C0B6CE /* SpamCell.swift */ = {isa = PBXFileReference; lastKnownFileType = sourcecode.swift; path = SpamCell.swift; sourceTree = "<group>"; };
		EF259E2D2A4EB1AC00B8E37F /* DetailsVC.swift */ = {isa = PBXFileReference; lastKnownFileType = sourcecode.swift; path = DetailsVC.swift; sourceTree = "<group>"; };
		EF259E2F2A4EBDBF00B8E37F /* Result.swift */ = {isa = PBXFileReference; lastKnownFileType = sourcecode.swift; path = Result.swift; sourceTree = "<group>"; };
		EF8415BD2A4E32ED000E97C4 /* ExamenStefaniniOmar.app */ = {isa = PBXFileReference; explicitFileType = wrapper.application; includeInIndex = 0; path = ExamenStefaniniOmar.app; sourceTree = BUILT_PRODUCTS_DIR; };
		EF8415C02A4E32ED000E97C4 /* AppDelegate.swift */ = {isa = PBXFileReference; lastKnownFileType = sourcecode.swift; path = AppDelegate.swift; sourceTree = "<group>"; };
		EF8415C22A4E32ED000E97C4 /* SceneDelegate.swift */ = {isa = PBXFileReference; lastKnownFileType = sourcecode.swift; path = SceneDelegate.swift; sourceTree = "<group>"; };
		EF8415C42A4E32ED000E97C4 /* HomeVC.swift */ = {isa = PBXFileReference; lastKnownFileType = sourcecode.swift; path = HomeVC.swift; sourceTree = "<group>"; };
		EF8415C72A4E32ED000E97C4 /* Base */ = {isa = PBXFileReference; lastKnownFileType = file.storyboard; name = Base; path = Base.lproj/Main.storyboard; sourceTree = "<group>"; };
		EF8415CA2A4E32ED000E97C4 /* ExamenStefaniniOmar.xcdatamodel */ = {isa = PBXFileReference; lastKnownFileType = wrapper.xcdatamodel; path = ExamenStefaniniOmar.xcdatamodel; sourceTree = "<group>"; };
		EF8415CC2A4E32EF000E97C4 /* Assets.xcassets */ = {isa = PBXFileReference; lastKnownFileType = folder.assetcatalog; path = Assets.xcassets; sourceTree = "<group>"; };
		EF8415CF2A4E32EF000E97C4 /* Base */ = {isa = PBXFileReference; lastKnownFileType = file.storyboard; name = Base; path = Base.lproj/LaunchScreen.storyboard; sourceTree = "<group>"; };
		EF8415D12A4E32EF000E97C4 /* Info.plist */ = {isa = PBXFileReference; lastKnownFileType = text.plist.xml; path = Info.plist; sourceTree = "<group>"; };
		EF8415DD2A4E353B000E97C4 /* Message.swift */ = {isa = PBXFileReference; lastKnownFileType = sourcecode.swift; path = Message.swift; sourceTree = "<group>"; };
		EF8415E02A4E3F70000E97C4 /* MessageCell.swift */ = {isa = PBXFileReference; lastKnownFileType = sourcecode.swift; path = MessageCell.swift; sourceTree = "<group>"; };
		EF8415E32A4E8131000E97C4 /* DeleteVC.swift */ = {isa = PBXFileReference; lastKnownFileType = sourcecode.swift; path = DeleteVC.swift; sourceTree = "<group>"; };
		EF8415E52A4E86A2000E97C4 /* DeleteCell.swift */ = {isa = PBXFileReference; lastKnownFileType = sourcecode.swift; path = DeleteCell.swift; sourceTree = "<group>"; };
		EF8415E72A4E8B8D000E97C4 /* DeleteViewModel.swift */ = {isa = PBXFileReference; lastKnownFileType = sourcecode.swift; path = DeleteViewModel.swift; sourceTree = "<group>"; };
/* End PBXFileReference section */

/* Begin PBXFrameworksBuildPhase section */
		EF8415BA2A4E32ED000E97C4 /* Frameworks */ = {
			isa = PBXFrameworksBuildPhase;
			buildActionMask = 2147483647;
			files = (
			);
			runOnlyForDeploymentPostprocessing = 0;
		};
/* End PBXFrameworksBuildPhase section */

/* Begin PBXGroup section */
		EF177C212A4EA04A00C0B6CE /* Home */ = {
			isa = PBXGroup;
			children = (
				EF8415C42A4E32ED000E97C4 /* HomeVC.swift */,
			);
			path = Home;
			sourceTree = "<group>";
		};
		EF177C222A4EA05400C0B6CE /* Spam */ = {
			isa = PBXGroup;
			children = (
				EF177C232A4EA07E00C0B6CE /* SpamVC.swift */,
			);
			path = Spam;
			sourceTree = "<group>";
		};
		EF259E2C2A4EB18C00B8E37F /* Details */ = {
			isa = PBXGroup;
			children = (
				EF259E2D2A4EB1AC00B8E37F /* DetailsVC.swift */,
			);
			path = Details;
			sourceTree = "<group>";
		};
		EF8415B42A4E32ED000E97C4 = {
			isa = PBXGroup;
			children = (
				EF8415BF2A4E32ED000E97C4 /* ExamenStefaniniOmar */,
				EF8415BE2A4E32ED000E97C4 /* Products */,
			);
			sourceTree = "<group>";
		};
		EF8415BE2A4E32ED000E97C4 /* Products */ = {
			isa = PBXGroup;
			children = (
				EF8415BD2A4E32ED000E97C4 /* ExamenStefaniniOmar.app */,
			);
			name = Products;
			sourceTree = "<group>";
		};
		EF8415BF2A4E32ED000E97C4 /* ExamenStefaniniOmar */ = {
			isa = PBXGroup;
			children = (
				EF8415DC2A4E334B000E97C4 /* DB */,
				EF8415DB2A4E3330000E97C4 /* Controller */,
				EF8415DA2A4E3328000E97C4 /* Model */,
				EF8415D92A4E331E000E97C4 /* View */,
				EF8415D72A4E330D000E97C4 /* ViewModel */,
				EF8415D12A4E32EF000E97C4 /* Info.plist */,
			);
			path = ExamenStefaniniOmar;
			sourceTree = "<group>";
		};
		EF8415D72A4E330D000E97C4 /* ViewModel */ = {
			isa = PBXGroup;
			children = (
				EF8415E72A4E8B8D000E97C4 /* DeleteViewModel.swift */,
				EF177C1D2A4E9E2900C0B6CE /* EmailViewModel.swift */,
			);
			path = ViewModel;
			sourceTree = "<group>";
		};
		EF8415D92A4E331E000E97C4 /* View */ = {
			isa = PBXGroup;
			children = (
				EF8415CC2A4E32EF000E97C4 /* Assets.xcassets */,
				EF8415CE2A4E32EF000E97C4 /* LaunchScreen.storyboard */,
				EF8415C62A4E32ED000E97C4 /* Main.storyboard */,
			);
			path = View;
			sourceTree = "<group>";
		};
		EF8415DA2A4E3328000E97C4 /* Model */ = {
			isa = PBXGroup;
			children = (
				EF8415DD2A4E353B000E97C4 /* Message.swift */,
				EF259E2F2A4EBDBF00B8E37F /* Result.swift */,
			);
			path = Model;
			sourceTree = "<group>";
		};
		EF8415DB2A4E3330000E97C4 /* Controller */ = {
			isa = PBXGroup;
			children = (
				EF259E2C2A4EB18C00B8E37F /* Details */,
				EF177C222A4EA05400C0B6CE /* Spam */,
				EF177C212A4EA04A00C0B6CE /* Home */,
				EF8415E22A4E80F2000E97C4 /* Eliminar */,
				EF8415DF2A4E3F45000E97C4 /* Cell */,
				EF8415C22A4E32ED000E97C4 /* SceneDelegate.swift */,
				EF8415C02A4E32ED000E97C4 /* AppDelegate.swift */,
			);
			path = Controller;
			sourceTree = "<group>";
		};
		EF8415DC2A4E334B000E97C4 /* DB */ = {
			isa = PBXGroup;
			children = (
				EF8415C92A4E32ED000E97C4 /* ExamenStefaniniOmar.xcdatamodeld */,
			);
			path = DB;
			sourceTree = "<group>";
		};
		EF8415DF2A4E3F45000E97C4 /* Cell */ = {
			isa = PBXGroup;
			children = (
				EF8415E02A4E3F70000E97C4 /* MessageCell.swift */,
				EF8415E52A4E86A2000E97C4 /* DeleteCell.swift */,
				EF177C252A4EA5CA00C0B6CE /* SpamCell.swift */,
			);
			path = Cell;
			sourceTree = "<group>";
		};
		EF8415E22A4E80F2000E97C4 /* Eliminar */ = {
			isa = PBXGroup;
			children = (
				EF8415E32A4E8131000E97C4 /* DeleteVC.swift */,
			);
			path = Eliminar;
			sourceTree = "<group>";
		};
/* End PBXGroup section */

/* Begin PBXNativeTarget section */
		EF8415BC2A4E32ED000E97C4 /* ExamenStefaniniOmar */ = {
			isa = PBXNativeTarget;
			buildConfigurationList = EF8415D42A4E32EF000E97C4 /* Build configuration list for PBXNativeTarget "ExamenStefaniniOmar" */;
			buildPhases = (
				EF8415B92A4E32ED000E97C4 /* Sources */,
				EF8415BA2A4E32ED000E97C4 /* Frameworks */,
				EF8415BB2A4E32ED000E97C4 /* Resources */,
			);
			buildRules = (
			);
			dependencies = (
			);
			name = ExamenStefaniniOmar;
			productName = ExamenStefaniniOmar;
			productReference = EF8415BD2A4E32ED000E97C4 /* ExamenStefaniniOmar.app */;
			productType = "com.apple.product-type.application";
		};
/* End PBXNativeTarget section */

/* Begin PBXProject section */
		EF8415B52A4E32ED000E97C4 /* Project object */ = {
			isa = PBXProject;
			attributes = {
				BuildIndependentTargetsInParallel = 1;
				LastSwiftUpdateCheck = 1420;
				LastUpgradeCheck = 1420;
				TargetAttributes = {
					EF8415BC2A4E32ED000E97C4 = {
						CreatedOnToolsVersion = 14.2;
					};
				};
			};
			buildConfigurationList = EF8415B82A4E32ED000E97C4 /* Build configuration list for PBXProject "ExamenStefaniniOmar" */;
			compatibilityVersion = "Xcode 14.0";
			developmentRegion = en;
			hasScannedForEncodings = 0;
			knownRegions = (
				en,
				Base,
			);
			mainGroup = EF8415B42A4E32ED000E97C4;
			productRefGroup = EF8415BE2A4E32ED000E97C4 /* Products */;
			projectDirPath = "";
			projectRoot = "";
			targets = (
				EF8415BC2A4E32ED000E97C4 /* ExamenStefaniniOmar */,
			);
		};
/* End PBXProject section */

/* Begin PBXResourcesBuildPhase section */
		EF8415BB2A4E32ED000E97C4 /* Resources */ = {
			isa = PBXResourcesBuildPhase;
			buildActionMask = 2147483647;
			files = (
				EF8415D02A4E32EF000E97C4 /* LaunchScreen.storyboard in Resources */,
				EF8415CD2A4E32EF000E97C4 /* Assets.xcassets in Resources */,
				EF8415C82A4E32ED000E97C4 /* Main.storyboard in Resources */,
			);
			runOnlyForDeploymentPostprocessing = 0;
		};
/* End PBXResourcesBuildPhase section */

/* Begin PBXSourcesBuildPhase section */
		EF8415B92A4E32ED000E97C4 /* Sources */ = {
			isa = PBXSourcesBuildPhase;
			buildActionMask = 2147483647;
			files = (
				EF8415CB2A4E32ED000E97C4 /* ExamenStefaniniOmar.xcdatamodeld in Sources */,
				EF177C242A4EA07E00C0B6CE /* SpamVC.swift in Sources */,
				EF177C1E2A4E9E2A00C0B6CE /* EmailViewModel.swift in Sources */,
				EF8415E42A4E8131000E97C4 /* DeleteVC.swift in Sources */,
				EF8415C52A4E32ED000E97C4 /* HomeVC.swift in Sources */,
				EF177C262A4EA5CA00C0B6CE /* SpamCell.swift in Sources */,
				EF259E302A4EBDBF00B8E37F /* Result.swift in Sources */,
				EF8415DE2A4E353B000E97C4 /* Message.swift in Sources */,
				EF8415C12A4E32ED000E97C4 /* AppDelegate.swift in Sources */,
				EF8415C32A4E32ED000E97C4 /* SceneDelegate.swift in Sources */,
				EF8415E62A4E86A2000E97C4 /* DeleteCell.swift in Sources */,
				EF259E2E2A4EB1AC00B8E37F /* DetailsVC.swift in Sources */,
				EF8415E82A4E8B8D000E97C4 /* DeleteViewModel.swift in Sources */,
				EF8415E12A4E3F70000E97C4 /* MessageCell.swift in Sources */,
			);
			runOnlyForDeploymentPostprocessing = 0;
		};
/* End PBXSourcesBuildPhase section */

/* Begin PBXVariantGroup section */
		EF8415C62A4E32ED000E97C4 /* Main.storyboard */ = {
			isa = PBXVariantGroup;
			children = (
				EF8415C72A4E32ED000E97C4 /* Base */,
			);
			name = Main.storyboard;
			sourceTree = "<group>";
		};
		EF8415CE2A4E32EF000E97C4 /* LaunchScreen.storyboard */ = {
			isa = PBXVariantGroup;
			children = (
				EF8415CF2A4E32EF000E97C4 /* Base */,
			);
			name = LaunchScreen.storyboard;
			sourceTree = "<group>";
		};
/* End PBXVariantGroup section */

/* Begin XCBuildConfiguration section */
		EF8415D22A4E32EF000E97C4 /* Debug */ = {
			isa = XCBuildConfiguration;
			buildSettings = {
				ALWAYS_SEARCH_USER_PATHS = NO;
				CLANG_ANALYZER_NONNULL = YES;
				CLANG_ANALYZER_NUMBER_OBJECT_CONVERSION = YES_AGGRESSIVE;
				CLANG_CXX_LANGUAGE_STANDARD = "gnu++20";
				CLANG_ENABLE_MODULES = YES;
				CLANG_ENABLE_OBJC_ARC = YES;
				CLANG_ENABLE_OBJC_WEAK = YES;
				CLANG_WARN_BLOCK_CAPTURE_AUTORELEASING = YES;
				CLANG_WARN_BOOL_CONVERSION = YES;
				CLANG_WARN_COMMA = YES;
				CLANG_WARN_CONSTANT_CONVERSION = YES;
				CLANG_WARN_DEPRECATED_OBJC_IMPLEMENTATIONS = YES;
				CLANG_WARN_DIRECT_OBJC_ISA_USAGE = YES_ERROR;
				CLANG_WARN_DOCUMENTATION_COMMENTS = YES;
				CLANG_WARN_EMPTY_BODY = YES;
				CLANG_WARN_ENUM_CONVERSION = YES;
				CLANG_WARN_INFINITE_RECURSION = YES;
				CLANG_WARN_INT_CONVERSION = YES;
				CLANG_WARN_NON_LITERAL_NULL_CONVERSION = YES;
				CLANG_WARN_OBJC_IMPLICIT_RETAIN_SELF = YES;
				CLANG_WARN_OBJC_LITERAL_CONVERSION = YES;
				CLANG_WARN_OBJC_ROOT_CLASS = YES_ERROR;
				CLANG_WARN_QUOTED_INCLUDE_IN_FRAMEWORK_HEADER = YES;
				CLANG_WARN_RANGE_LOOP_ANALYSIS = YES;
				CLANG_WARN_STRICT_PROTOTYPES = YES;
				CLANG_WARN_SUSPICIOUS_MOVE = YES;
				CLANG_WARN_UNGUARDED_AVAILABILITY = YES_AGGRESSIVE;
				CLANG_WARN_UNREACHABLE_CODE = YES;
				CLANG_WARN__DUPLICATE_METHOD_MATCH = YES;
				COPY_PHASE_STRIP = NO;
				DEBUG_INFORMATION_FORMAT = dwarf;
				ENABLE_STRICT_OBJC_MSGSEND = YES;
				ENABLE_TESTABILITY = YES;
				GCC_C_LANGUAGE_STANDARD = gnu11;
				GCC_DYNAMIC_NO_PIC = NO;
				GCC_NO_COMMON_BLOCKS = YES;
				GCC_OPTIMIZATION_LEVEL = 0;
				GCC_PREPROCESSOR_DEFINITIONS = (
					"DEBUG=1",
					"$(inherited)",
				);
				GCC_WARN_64_TO_32_BIT_CONVERSION = YES;
				GCC_WARN_ABOUT_RETURN_TYPE = YES_ERROR;
				GCC_WARN_UNDECLARED_SELECTOR = YES;
				GCC_WARN_UNINITIALIZED_AUTOS = YES_AGGRESSIVE;
				GCC_WARN_UNUSED_FUNCTION = YES;
				GCC_WARN_UNUSED_VARIABLE = YES;
				IPHONEOS_DEPLOYMENT_TARGET = 16.2;
				MTL_ENABLE_DEBUG_INFO = INCLUDE_SOURCE;
				MTL_FAST_MATH = YES;
				ONLY_ACTIVE_ARCH = YES;
				SDKROOT = iphoneos;
				SWIFT_ACTIVE_COMPILATION_CONDITIONS = DEBUG;
				SWIFT_OPTIMIZATION_LEVEL = "-Onone";
			};
			name = Debug;
		};
		EF8415D32A4E32EF000E97C4 /* Release */ = {
			isa = XCBuildConfiguration;
			buildSettings = {
				ALWAYS_SEARCH_USER_PATHS = NO;
				CLANG_ANALYZER_NONNULL = YES;
				CLANG_ANALYZER_NUMBER_OBJECT_CONVERSION = YES_AGGRESSIVE;
				CLANG_CXX_LANGUAGE_STANDARD = "gnu++20";
				CLANG_ENABLE_MODULES = YES;
				CLANG_ENABLE_OBJC_ARC = YES;
				CLANG_ENABLE_OBJC_WEAK = YES;
				CLANG_WARN_BLOCK_CAPTURE_AUTORELEASING = YES;
				CLANG_WARN_BOOL_CONVERSION = YES;
				CLANG_WARN_COMMA = YES;
				CLANG_WARN_CONSTANT_CONVERSION = YES;
				CLANG_WARN_DEPRECATED_OBJC_IMPLEMENTATIONS = YES;
				CLANG_WARN_DIRECT_OBJC_ISA_USAGE = YES_ERROR;
				CLANG_WARN_DOCUMENTATION_COMMENTS = YES;
				CLANG_WARN_EMPTY_BODY = YES;
				CLANG_WARN_ENUM_CONVERSION = YES;
				CLANG_WARN_INFINITE_RECURSION = YES;
				CLANG_WARN_INT_CONVERSION = YES;
				CLANG_WARN_NON_LITERAL_NULL_CONVERSION = YES;
				CLANG_WARN_OBJC_IMPLICIT_RETAIN_SELF = YES;
				CLANG_WARN_OBJC_LITERAL_CONVERSION = YES;
				CLANG_WARN_OBJC_ROOT_CLASS = YES_ERROR;
				CLANG_WARN_QUOTED_INCLUDE_IN_FRAMEWORK_HEADER = YES;
				CLANG_WARN_RANGE_LOOP_ANALYSIS = YES;
				CLANG_WARN_STRICT_PROTOTYPES = YES;
				CLANG_WARN_SUSPICIOUS_MOVE = YES;
				CLANG_WARN_UNGUARDED_AVAILABILITY = YES_AGGRESSIVE;
				CLANG_WARN_UNREACHABLE_CODE = YES;
				CLANG_WARN__DUPLICATE_METHOD_MATCH = YES;
				COPY_PHASE_STRIP = NO;
				DEBUG_INFORMATION_FORMAT = "dwarf-with-dsym";
				ENABLE_NS_ASSERTIONS = NO;
				ENABLE_STRICT_OBJC_MSGSEND = YES;
				GCC_C_LANGUAGE_STANDARD = gnu11;
				GCC_NO_COMMON_BLOCKS = YES;
				GCC_WARN_64_TO_32_BIT_CONVERSION = YES;
				GCC_WARN_ABOUT_RETURN_TYPE = YES_ERROR;
				GCC_WARN_UNDECLARED_SELECTOR = YES;
				GCC_WARN_UNINITIALIZED_AUTOS = YES_AGGRESSIVE;
				GCC_WARN_UNUSED_FUNCTION = YES;
				GCC_WARN_UNUSED_VARIABLE = YES;
				IPHONEOS_DEPLOYMENT_TARGET = 16.2;
				MTL_ENABLE_DEBUG_INFO = NO;
				MTL_FAST_MATH = YES;
				SDKROOT = iphoneos;
				SWIFT_COMPILATION_MODE = wholemodule;
				SWIFT_OPTIMIZATION_LEVEL = "-O";
				VALIDATE_PRODUCT = YES;
			};
			name = Release;
		};
		EF8415D52A4E32EF000E97C4 /* Debug */ = {
			isa = XCBuildConfiguration;
			buildSettings = {
				ASSETCATALOG_COMPILER_APPICON_NAME = AppIcon;
				ASSETCATALOG_COMPILER_GLOBAL_ACCENT_COLOR_NAME = AccentColor;
				CODE_SIGN_STYLE = Automatic;
				CURRENT_PROJECT_VERSION = 1;
				GENERATE_INFOPLIST_FILE = YES;
				INFOPLIST_FILE = ExamenStefaniniOmar/Info.plist;
				INFOPLIST_KEY_UIApplicationSupportsIndirectInputEvents = YES;
				INFOPLIST_KEY_UILaunchStoryboardName = LaunchScreen;
				INFOPLIST_KEY_UIMainStoryboardFile = Main;
				INFOPLIST_KEY_UISupportedInterfaceOrientations_iPad = "UIInterfaceOrientationPortrait UIInterfaceOrientationPortraitUpsideDown UIInterfaceOrientationLandscapeLeft UIInterfaceOrientationLandscapeRight";
				INFOPLIST_KEY_UISupportedInterfaceOrientations_iPhone = "UIInterfaceOrientationPortrait UIInterfaceOrientationLandscapeLeft UIInterfaceOrientationLandscapeRight";
				LD_RUNPATH_SEARCH_PATHS = (
					"$(inherited)",
					"@executable_path/Frameworks",
				);
				MARKETING_VERSION = 1.0;
				PRODUCT_BUNDLE_IDENTIFIER = com.omar..ExamenStefaniniOmar;
				PRODUCT_NAME = "$(TARGET_NAME)";
				SWIFT_EMIT_LOC_STRINGS = YES;
				SWIFT_VERSION = 5.0;
				TARGETED_DEVICE_FAMILY = "1,2";
			};
			name = Debug;
		};
		EF8415D62A4E32EF000E97C4 /* Release */ = {
			isa = XCBuildConfiguration;
			buildSettings = {
				ASSETCATALOG_COMPILER_APPICON_NAME = AppIcon;
				ASSETCATALOG_COMPILER_GLOBAL_ACCENT_COLOR_NAME = AccentColor;
				CODE_SIGN_STYLE = Automatic;
				CURRENT_PROJECT_VERSION = 1;
				GENERATE_INFOPLIST_FILE = YES;
				INFOPLIST_FILE = ExamenStefaniniOmar/Info.plist;
				INFOPLIST_KEY_UIApplicationSupportsIndirectInputEvents = YES;
				INFOPLIST_KEY_UILaunchStoryboardName = LaunchScreen;
				INFOPLIST_KEY_UIMainStoryboardFile = Main;
				INFOPLIST_KEY_UISupportedInterfaceOrientations_iPad = "UIInterfaceOrientationPortrait UIInterfaceOrientationPortraitUpsideDown UIInterfaceOrientationLandscapeLeft UIInterfaceOrientationLandscapeRight";
				INFOPLIST_KEY_UISupportedInterfaceOrientations_iPhone = "UIInterfaceOrientationPortrait UIInterfaceOrientationLandscapeLeft UIInterfaceOrientationLandscapeRight";
				LD_RUNPATH_SEARCH_PATHS = (
					"$(inherited)",
					"@executable_path/Frameworks",
				);
				MARKETING_VERSION = 1.0;
				PRODUCT_BUNDLE_IDENTIFIER = com.omar..ExamenStefaniniOmar;
				PRODUCT_NAME = "$(TARGET_NAME)";
				SWIFT_EMIT_LOC_STRINGS = YES;
				SWIFT_VERSION = 5.0;
				TARGETED_DEVICE_FAMILY = "1,2";
			};
			name = Release;
		};
/* End XCBuildConfiguration section */

/* Begin XCConfigurationList section */
		EF8415B82A4E32ED000E97C4 /* Build configuration list for PBXProject "ExamenStefaniniOmar" */ = {
			isa = XCConfigurationList;
			buildConfigurations = (
				EF8415D22A4E32EF000E97C4 /* Debug */,
				EF8415D32A4E32EF000E97C4 /* Release */,
			);
			defaultConfigurationIsVisible = 0;
			defaultConfigurationName = Release;
		};
		EF8415D42A4E32EF000E97C4 /* Build configuration list for PBXNativeTarget "ExamenStefaniniOmar" */ = {
			isa = XCConfigurationList;
			buildConfigurations = (
				EF8415D52A4E32EF000E97C4 /* Debug */,
				EF8415D62A4E32EF000E97C4 /* Release */,
			);
			defaultConfigurationIsVisible = 0;
			defaultConfigurationName = Release;
		};
/* End XCConfigurationList section */

/* Begin XCVersionGroup section */
		EF8415C92A4E32ED000E97C4 /* ExamenStefaniniOmar.xcdatamodeld */ = {
			isa = XCVersionGroup;
			children = (
				EF8415CA2A4E32ED000E97C4 /* ExamenStefaniniOmar.xcdatamodel */,
			);
			currentVersion = EF8415CA2A4E32ED000E97C4 /* ExamenStefaniniOmar.xcdatamodel */;
			path = ExamenStefaniniOmar.xcdatamodeld;
			sourceTree = "<group>";
			versionGroupType = wrapper.xcdatamodel;
		};
/* End XCVersionGroup section */
	};
	rootObject = EF8415B52A4E32ED000E97C4 /* Project object */;
}
